
Microsoft Visual Studio Solution File, Format Version 12.00
# Visual Studio Version 17
VisualStudioVersion = 17.2.32616.157
MinimumVisualStudioVersion = 10.0.40219.1
Project("{9A19103F-16F7-4668-BE54-9A1E7A4F7556}") = "EveryoneReads", "EveryoneReads.csproj", "{2F14709B-567C-471D-8E13-C442137896F7}"
EndProject
Global
	GlobalSection(SolutionConfigurationPlatforms) = preSolution
		Debug|Any CPU = Debug|Any CPU
		Release|Any CPU = Release|Any CPU
	EndGlobalSection
	GlobalSection(ProjectConfigurationPlatforms) = postSolution
		{2F14709B-567C-471D-8E13-C442137896F7}.Debug|Any CPU.ActiveCfg = Debug|Any CPU
		{2F14709B-567C-471D-8E13-C442137896F7}.Debug|Any CPU.Build.0 = Debug|Any CPU
		{2F14709B-567C-471D-8E13-C442137896F7}.Release|Any CPU.ActiveCfg = Release|Any CPU
		{2F14709B-567C-471D-8E13-C442137896F7}.Release|Any CPU.Build.0 = Release|Any CPU
	EndGlobalSection
	GlobalSection(SolutionProperties) = preSolution
		HideSolutionNode = FALSE
	EndGlobalSection
	GlobalSection(ExtensibilityGlobals) = postSolution
		SolutionGuid = {F3E6FA72-4134-4414-B102-D29F7BCDD4E4}
	EndGlobalSection
EndGlobal
